// !$*UTF8*$!
{
	archiveVersion = 1;
	classes = {
	};
	objectVersion = 46;
	objects = {

/* Begin PBXBuildFile section */
		0432697B16242D91003407D4 /* PersonDetailsController.m in Sources */ = {isa = PBXBuildFile; fileRef = 0432697916242D91003407D4 /* PersonDetailsController.m */; };
		0432697C16242D91003407D4 /* PersonDetailsController.xib in Resources */ = {isa = PBXBuildFile; fileRef = 0432697A16242D91003407D4 /* PersonDetailsController.xib */; };
		0432698016243851003407D4 /* PeopleController.m in Sources */ = {isa = PBXBuildFile; fileRef = 0432697E16243851003407D4 /* PeopleController.m */; };
		0432698116243851003407D4 /* PeopleController.xib in Resources */ = {isa = PBXBuildFile; fileRef = 0432697F16243851003407D4 /* PeopleController.xib */; };
		0432698316794C71003407D4 /* mlb_e_shoelessjoe_300.jpg in Resources */ = {isa = PBXBuildFile; fileRef = 0432698216794C71003407D4 /* mlb_e_shoelessjoe_300.jpg */; };
		04B773C216240D4C008D72BB /* UIKit.framework in Frameworks */ = {isa = PBXBuildFile; fileRef = 04B773C116240D4C008D72BB /* UIKit.framework */; };
		04B773C416240D4C008D72BB /* Foundation.framework in Frameworks */ = {isa = PBXBuildFile; fileRef = 04B773C316240D4C008D72BB /* Foundation.framework */; };
		04B773C616240D4C008D72BB /* CoreGraphics.framework in Frameworks */ = {isa = PBXBuildFile; fileRef = 04B773C516240D4C008D72BB /* CoreGraphics.framework */; };
		04B773CC16240D4C008D72BB /* InfoPlist.strings in Resources */ = {isa = PBXBuildFile; fileRef = 04B773CA16240D4C008D72BB /* InfoPlist.strings */; };
		04B773CE16240D4C008D72BB /* main.m in Sources */ = {isa = PBXBuildFile; fileRef = 04B773CD16240D4C008D72BB /* main.m */; };
		04B773D216240D4C008D72BB /* xyzAppDelegate.m in Sources */ = {isa = PBXBuildFile; fileRef = 04B773D116240D4C008D72BB /* xyzAppDelegate.m */; };
		04B773D516240D4C008D72BB /* xyzViewController.m in Sources */ = {isa = PBXBuildFile; fileRef = 04B773D416240D4C008D72BB /* xyzViewController.m */; };
		04B773D816240D4C008D72BB /* xyzViewController.xib in Resources */ = {isa = PBXBuildFile; fileRef = 04B773D616240D4C008D72BB /* xyzViewController.xib */; };
		04B773E016241797008D72BB /* Person.m in Sources */ = {isa = PBXBuildFile; fileRef = 04B773DF16241797008D72BB /* Person.m */; };
/* End PBXBuildFile section */

/* Begin PBXFileReference section */
		0432697816242D91003407D4 /* PersonDetailsController.h */ = {isa = PBXFileReference; fileEncoding = 4; lastKnownFileType = sourcecode.c.h; path = PersonDetailsController.h; sourceTree = "<group>"; };
		0432697916242D91003407D4 /* PersonDetailsController.m */ = {isa = PBXFileReference; fileEncoding = 4; lastKnownFileType = sourcecode.c.objc; path = PersonDetailsController.m; sourceTree = "<group>"; };
		0432697A16242D91003407D4 /* PersonDetailsController.xib */ = {isa = PBXFileReference; fileEncoding = 4; lastKnownFileType = file.xib; path = PersonDetailsController.xib; sourceTree = "<group>"; };
		0432697D16243851003407D4 /* PeopleController.h */ = {isa = PBXFileReference; fileEncoding = 4; lastKnownFileType = sourcecode.c.h; path = PeopleController.h; sourceTree = "<group>"; };
		0432697E16243851003407D4 /* PeopleController.m */ = {isa = PBXFileReference; fileEncoding = 4; lastKnownFileType = sourcecode.c.objc; path = PeopleController.m; sourceTree = "<group>"; };
		0432697F16243851003407D4 /* PeopleController.xib */ = {isa = PBXFileReference; fileEncoding = 4; lastKnownFileType = file.xib; path = PeopleController.xib; sourceTree = "<group>"; };
		0432698216794C71003407D4 /* mlb_e_shoelessjoe_300.jpg */ = {isa = PBXFileReference; lastKnownFileType = image.jpeg; path = mlb_e_shoelessjoe_300.jpg; sourceTree = "<group>"; };
		04B773BD16240D4C008D72BB /* HelloWorldRtp.app */ = {isa = PBXFileReference; explicitFileType = wrapper.application; includeInIndex = 0; path = HelloWorldRtp.app; sourceTree = BUILT_PRODUCTS_DIR; };
		04B773C116240D4C008D72BB /* UIKit.framework */ = {isa = PBXFileReference; lastKnownFileType = wrapper.framework; name = UIKit.framework; path = System/Library/Frameworks/UIKit.framework; sourceTree = SDKROOT; };
		04B773C316240D4C008D72BB /* Foundation.framework */ = {isa = PBXFileReference; lastKnownFileType = wrapper.framework; name = Foundation.framework; path = System/Library/Frameworks/Foundation.framework; sourceTree = SDKROOT; };
		04B773C516240D4C008D72BB /* CoreGraphics.framework */ = {isa = PBXFileReference; lastKnownFileType = wrapper.framework; name = CoreGraphics.framework; path = System/Library/Frameworks/CoreGraphics.framework; sourceTree = SDKROOT; };
		04B773C916240D4C008D72BB /* HelloWorldRtp-Info.plist */ = {isa = PBXFileReference; lastKnownFileType = text.plist.xml; path = "HelloWorldRtp-Info.plist"; sourceTree = "<group>"; };
		04B773CB16240D4C008D72BB /* en */ = {isa = PBXFileReference; lastKnownFileType = text.plist.strings; name = en; path = en.lproj/InfoPlist.strings; sourceTree = "<group>"; };
		04B773CD16240D4C008D72BB /* main.m */ = {isa = PBXFileReference; lastKnownFileType = sourcecode.c.objc; path = main.m; sourceTree = "<group>"; };
		04B773CF16240D4C008D72BB /* HelloWorldRtp-Prefix.pch */ = {isa = PBXFileReference; lastKnownFileType = sourcecode.c.h; path = "HelloWorldRtp-Prefix.pch"; sourceTree = "<group>"; };
		04B773D016240D4C008D72BB /* xyzAppDelegate.h */ = {isa = PBXFileReference; lastKnownFileType = sourcecode.c.h; path = xyzAppDelegate.h; sourceTree = "<group>"; };
		04B773D116240D4C008D72BB /* xyzAppDelegate.m */ = {isa = PBXFileReference; lastKnownFileType = sourcecode.c.objc; path = xyzAppDelegate.m; sourceTree = "<group>"; };
		04B773D316240D4C008D72BB /* xyzViewController.h */ = {isa = PBXFileReference; lastKnownFileType = sourcecode.c.h; path = xyzViewController.h; sourceTree = "<group>"; };
		04B773D416240D4C008D72BB /* xyzViewController.m */ = {isa = PBXFileReference; lastKnownFileType = sourcecode.c.objc; path = xyzViewController.m; sourceTree = "<group>"; };
		04B773D716240D4C008D72BB /* en */ = {isa = PBXFileReference; lastKnownFileType = file.xib; name = en; path = en.lproj/xyzViewController.xib; sourceTree = "<group>"; };
		04B773DE16241797008D72BB /* Person.h */ = {isa = PBXFileReference; fileEncoding = 4; lastKnownFileType = sourcecode.c.h; path = Person.h; sourceTree = "<group>"; };
		04B773DF16241797008D72BB /* Person.m */ = {isa = PBXFileReference; fileEncoding = 4; lastKnownFileType = sourcecode.c.objc; path = Person.m; sourceTree = "<group>"; };
/* End PBXFileReference section */

/* Begin PBXFrameworksBuildPhase section */
		04B773BA16240D4C008D72BB /* Frameworks */ = {
			isa = PBXFrameworksBuildPhase;
			buildActionMask = 2147483647;
			files = (
				04B773C216240D4C008D72BB /* UIKit.framework in Frameworks */,
				04B773C416240D4C008D72BB /* Foundation.framework in Frameworks */,
				04B773C616240D4C008D72BB /* CoreGraphics.framework in Frameworks */,
			);
			runOnlyForDeploymentPostprocessing = 0;
		};
/* End PBXFrameworksBuildPhase section */

/* Begin PBXGroup section */
		04B773B216240D4B008D72BB = {
			isa = PBXGroup;
			children = (
				04B773C716240D4C008D72BB /* HelloWorldRtp */,
				04B773C016240D4C008D72BB /* Frameworks */,
				04B773BE16240D4C008D72BB /* Products */,
			);
			sourceTree = "<group>";
		};
		04B773BE16240D4C008D72BB /* Products */ = {
			isa = PBXGroup;
			children = (
				04B773BD16240D4C008D72BB /* HelloWorldRtp.app */,
			);
			name = Products;
			sourceTree = "<group>";
		};
		04B773C016240D4C008D72BB /* Frameworks */ = {
			isa = PBXGroup;
			children = (
				04B773C116240D4C008D72BB /* UIKit.framework */,
				04B773C316240D4C008D72BB /* Foundation.framework */,
				04B773C516240D4C008D72BB /* CoreGraphics.framework */,
			);
			name = Frameworks;
			sourceTree = "<group>";
		};
		04B773C716240D4C008D72BB /* HelloWorldRtp */ = {
			isa = PBXGroup;
			children = (
				04B773D016240D4C008D72BB /* xyzAppDelegate.h */,
				04B773DE16241797008D72BB /* Person.h */,
				04B773DF16241797008D72BB /* Person.m */,
				0432698216794C71003407D4 /* mlb_e_shoelessjoe_300.jpg */,
				04B773D116240D4C008D72BB /* xyzAppDelegate.m */,
				04B773D316240D4C008D72BB /* xyzViewController.h */,
				04B773D416240D4C008D72BB /* xyzViewController.m */,
				04B773D616240D4C008D72BB /* xyzViewController.xib */,
				04B773C816240D4C008D72BB /* Supporting Files */,
				0432697816242D91003407D4 /* PersonDetailsController.h */,
				0432697916242D91003407D4 /* PersonDetailsController.m */,
				0432697A16242D91003407D4 /* PersonDetailsController.xib */,
				0432697D16243851003407D4 /* PeopleController.h */,
				0432697E16243851003407D4 /* PeopleController.m */,
				0432697F16243851003407D4 /* PeopleController.xib */,
			);
			path = HelloWorldRtp;
			sourceTree = "<group>";
		};
		04B773C816240D4C008D72BB /* Supporting Files */ = {
			isa = PBXGroup;
			children = (
				04B773C916240D4C008D72BB /* HelloWorldRtp-Info.plist */,
				04B773CA16240D4C008D72BB /* InfoPlist.strings */,
				04B773CD16240D4C008D72BB /* main.m */,
				04B773CF16240D4C008D72BB /* HelloWorldRtp-Prefix.pch */,
			);
			name = "Supporting Files";
			sourceTree = "<group>";
		};
/* End PBXGroup section */

/* Begin PBXNativeTarget section */
		04B773BC16240D4C008D72BB /* HelloWorldRtp */ = {
			isa = PBXNativeTarget;
			buildConfigurationList = 04B773DB16240D4C008D72BB /* Build configuration list for PBXNativeTarget "HelloWorldRtp" */;
			buildPhases = (
				04B773B916240D4C008D72BB /* Sources */,
				04B773BA16240D4C008D72BB /* Frameworks */,
				04B773BB16240D4C008D72BB /* Resources */,
			);
			buildRules = (
			);
			dependencies = (
			);
			name = HelloWorldRtp;
			productName = HelloWorldRtp;
			productReference = 04B773BD16240D4C008D72BB /* HelloWorldRtp.app */;
			productType = "com.apple.product-type.application";
		};
/* End PBXNativeTarget section */

/* Begin PBXProject section */
		04B773B416240D4B008D72BB /* Project object */ = {
			isa = PBXProject;
			attributes = {
				LastUpgradeCheck = 0420;
			};
			buildConfigurationList = 04B773B716240D4B008D72BB /* Build configuration list for PBXProject "HelloWorldRtp" */;
			compatibilityVersion = "Xcode 3.2";
			developmentRegion = English;
			hasScannedForEncodings = 0;
			knownRegions = (
				en,
			);
			mainGroup = 04B773B216240D4B008D72BB;
			productRefGroup = 04B773BE16240D4C008D72BB /* Products */;
			projectDirPath = "";
			projectRoot = "";
			targets = (
				04B773BC16240D4C008D72BB /* HelloWorldRtp */,
			);
		};
/* End PBXProject section */

/* Begin PBXResourcesBuildPhase section */
		04B773BB16240D4C008D72BB /* Resources */ = {
			isa = PBXResourcesBuildPhase;
			buildActionMask = 2147483647;
			files = (
				04B773CC16240D4C008D72BB /* InfoPlist.strings in Resources */,
				04B773D816240D4C008D72BB /* xyzViewController.xib in Resources */,
				0432697C16242D91003407D4 /* PersonDetailsController.xib in Resources */,
				0432698116243851003407D4 /* PeopleController.xib in Resources */,
				0432698316794C71003407D4 /* mlb_e_shoelessjoe_300.jpg in Resources */,
			);
			runOnlyForDeploymentPostprocessing = 0;
		};
/* End PBXResourcesBuildPhase section */

/* Begin PBXSourcesBuildPhase section */
		04B773B916240D4C008D72BB /* Sources */ = {
			isa = PBXSourcesBuildPhase;
			buildActionMask = 2147483647;
			files = (
				04B773CE16240D4C008D72BB /* main.m in Sources */,
				04B773D216240D4C008D72BB /* xyzAppDelegate.m in Sources */,
				04B773D516240D4C008D72BB /* xyzViewController.m in Sources */,
				04B773E016241797008D72BB /* Person.m in Sources */,
				0432697B16242D91003407D4 /* PersonDetailsController.m in Sources */,
				0432698016243851003407D4 /* PeopleController.m in Sources */,
			);
			runOnlyForDeploymentPostprocessing = 0;
		};
/* End PBXSourcesBuildPhase section */

/* Begin PBXVariantGroup section */
		04B773CA16240D4C008D72BB /* InfoPlist.strings */ = {
			isa = PBXVariantGroup;
			children = (
				04B773CB16240D4C008D72BB /* en */,
			);
			name = InfoPlist.strings;
			sourceTree = "<group>";
		};
		04B773D616240D4C008D72BB /* xyzViewController.xib */ = {
			isa = PBXVariantGroup;
			children = (
				04B773D716240D4C008D72BB /* en */,
			);
			name = xyzViewController.xib;
			sourceTree = "<group>";
		};
/* End PBXVariantGroup section */

/* Begin XCBuildConfiguration section */
		04B773D916240D4C008D72BB /* Debug */ = {
			isa = XCBuildConfiguration;
			buildSettings = {
				ALWAYS_SEARCH_USER_PATHS = NO;
				ARCHS = "$(ARCHS_STANDARD_32_BIT)";
				"CODE_SIGN_IDENTITY[sdk=iphoneos*]" = "iPhone Developer";
				COPY_PHASE_STRIP = NO;
				GCC_C_LANGUAGE_STANDARD = gnu99;
				GCC_DYNAMIC_NO_PIC = NO;
				GCC_OPTIMIZATION_LEVEL = 0;
				GCC_PREPROCESSOR_DEFINITIONS = (
					"DEBUG=1",
					"$(inherited)",
				);
				GCC_SYMBOLS_PRIVATE_EXTERN = NO;
				GCC_VERSION = com.apple.compilers.llvm.clang.1_0;
				GCC_WARN_ABOUT_MISSING_PROTOTYPES = YES;
				GCC_WARN_ABOUT_RETURN_TYPE = YES;
				GCC_WARN_UNUSED_VARIABLE = YES;
				IPHONEOS_DEPLOYMENT_TARGET = 5.0;
				SDKROOT = iphoneos;
			};
			name = Debug;
		};
		04B773DA16240D4C008D72BB /* Release */ = {
			isa = XCBuildConfiguration;
			buildSettings = {
				ALWAYS_SEARCH_USER_PATHS = NO;
				ARCHS = "$(ARCHS_STANDARD_32_BIT)";
				"CODE_SIGN_IDENTITY[sdk=iphoneos*]" = "iPhone Developer";
				COPY_PHASE_STRIP = YES;
				GCC_C_LANGUAGE_STANDARD = gnu99;
				GCC_VERSION = com.apple.compilers.llvm.clang.1_0;
				GCC_WARN_ABOUT_MISSING_PROTOTYPES = YES;
				GCC_WARN_ABOUT_RETURN_TYPE = YES;
				GCC_WARN_UNUSED_VARIABLE = YES;
				IPHONEOS_DEPLOYMENT_TARGET = 5.0;
				OTHER_CFLAGS = "-DNS_BLOCK_ASSERTIONS=1";
				SDKROOT = iphoneos;
				VALIDATE_PRODUCT = YES;
			};
			name = Release;
		};
		04B773DC16240D4C008D72BB /* Debug */ = {
			isa = XCBuildConfiguration;
			buildSettings = {
				GCC_PRECOMPILE_PREFIX_HEADER = YES;
				GCC_PREFIX_HEADER = "HelloWorldRtp/HelloWorldRtp-Prefix.pch";
				INFOPLIST_FILE = "HelloWorldRtp/HelloWorldRtp-Info.plist";
				IPHONEOS_DEPLOYMENT_TARGET = 5.0;
				PRODUCT_NAME = "$(TARGET_NAME)";
				WRAPPER_EXTENSION = app;
			};
			name = Debug;
		};
		04B773DD16240D4C008D72BB /* Release */ = {
			isa = XCBuildConfiguration;
			buildSettings = {
				GCC_PRECOMPILE_PREFIX_HEADER = YES;
				GCC_PREFIX_HEADER = "HelloWorldRtp/HelloWorldRtp-Prefix.pch";
				INFOPLIST_FILE = "HelloWorldRtp/HelloWorldRtp-Info.plist";
				IPHONEOS_DEPLOYMENT_TARGET = 5.0;
				PRODUCT_NAME = "$(TARGET_NAME)";
				WRAPPER_EXTENSION = app;
			};
			name = Release;
		};
/* End XCBuildConfiguration section */

/* Begin XCConfigurationList section */
		04B773B716240D4B008D72BB /* Build configuration list for PBXProject "HelloWorldRtp" */ = {
			isa = XCConfigurationList;
			buildConfigurations = (
				04B773D916240D4C008D72BB /* Debug */,
				04B773DA16240D4C008D72BB /* Release */,
			);
			defaultConfigurationIsVisible = 0;
			defaultConfigurationName = Release;
		};
		04B773DB16240D4C008D72BB /* Build configuration list for PBXNativeTarget "HelloWorldRtp" */ = {
			isa = XCConfigurationList;
			buildConfigurations = (
				04B773DC16240D4C008D72BB /* Debug */,
				04B773DD16240D4C008D72BB /* Release */,
			);
			defaultConfigurationIsVisible = 0;
			defaultConfigurationName = Release;
		};
/* End XCConfigurationList section */
	};
	rootObject = 04B773B416240D4B008D72BB /* Project object */;
}
